{
  "name": "portfolio",
  "lockfileVersion": 2,
  "requires": true,
  "packages": {
    "": {
      "dependencies": {
        "@fluentui/react": "^8.43.0",
        "next": "latest",
        "react": "18.2.0",
        "react-dom": "18.2.0"
      },
      "devDependencies": {
        "@types/node": "^20.2.5",
        "@types/react": "^18.2.8",
        "typescript": "^5.2.0-dev.20230601"
      }
    },
    "node_modules/@fluentui/date-time-utilities": {
      "version": "8.5.12",
      "resolved": "https://pkgs.dev.azure.com/office/_packaging/Office/npm/registry/@fluentui/date-time-utilities/-/date-time-utilities-8.5.12.tgz",
      "integrity": "sha1-/FlnbICG1/sGDvZiyixq4riE8cQ=",
      "license": "MIT",
      "dependencies": {
        "@fluentui/set-version": "^8.2.11",
        "tslib": "^2.1.0"
      }
    },
    "node_modules/@fluentui/dom-utilities": {
      "version": "2.2.11",
      "resolved": "https://pkgs.dev.azure.com/office/_packaging/Office/npm/registry/@fluentui/dom-utilities/-/dom-utilities-2.2.11.tgz",
      "integrity": "sha1-toM55Aq9/pckELDG5wGjyW/x7RA=",
      "license": "MIT",
      "dependencies": {
        "@fluentui/set-version": "^8.2.11",
        "tslib": "^2.1.0"
      }
    },
    "node_modules/@fluentui/font-icons-mdl2": {
      "version": "8.5.21",
      "resolved": "https://pkgs.dev.azure.com/office/_packaging/Office/npm/registry/@fluentui/font-icons-mdl2/-/font-icons-mdl2-8.5.21.tgz",
      "integrity": "sha1-iuDa1rj9gNh3hogM5KemDHURBTo=",
      "license": "MIT",
      "dependencies": {
        "@fluentui/set-version": "^8.2.11",
        "@fluentui/style-utilities": "^8.9.14",
        "@fluentui/utilities": "^8.13.16",
        "tslib": "^2.1.0"
      }
    },
    "node_modules/@fluentui/foundation-legacy": {
      "version": "8.2.41",
      "resolved": "https://pkgs.dev.azure.com/office/_packaging/Office/npm/registry/@fluentui/foundation-legacy/-/foundation-legacy-8.2.41.tgz",
      "integrity": "sha1-BvOrBUELqqR6YGZuQiENa9uc/VA=",
      "license": "MIT",
      "dependencies": {
        "@fluentui/merge-styles": "^8.5.12",
        "@fluentui/set-version": "^8.2.11",
        "@fluentui/style-utilities": "^8.9.14",
        "@fluentui/utilities": "^8.13.16",
        "tslib": "^2.1.0"
      },
      "peerDependencies": {
        "@types/react": ">=16.8.0 <19.0.0",
        "react": ">=16.8.0 <19.0.0"
      }
    },
    "node_modules/@fluentui/keyboard-key": {
      "version": "0.4.11",
      "resolved": "https://pkgs.dev.azure.com/office/_packaging/Office/npm/registry/@fluentui/keyboard-key/-/keyboard-key-0.4.11.tgz",
      "integrity": "sha1-OzAQhB6iSsI/xKBkF+7vSDwaT3U=",
      "license": "MIT",
      "dependencies": {
        "tslib": "^2.1.0"
      }
    },
    "node_modules/@fluentui/merge-styles": {
      "version": "8.5.12",
      "resolved": "https://pkgs.dev.azure.com/office/_packaging/Office/npm/registry/@fluentui/merge-styles/-/merge-styles-8.5.12.tgz",
      "integrity": "sha1-o4D9XC6/gXea41ZWRBs8MtyEkao=",
      "license": "MIT",
      "dependencies": {
        "@fluentui/set-version": "^8.2.11",
        "tslib": "^2.1.0"
      }
    },
    "node_modules/@fluentui/react": {
      "version": "8.109.10",
      "resolved": "https://pkgs.dev.azure.com/office/_packaging/Office/npm/registry/@fluentui/react/-/react-8.109.10.tgz",
      "integrity": "sha1-8ErkRLW+0pWYAs+U8rYvmq6k9ow=",
      "license": "MIT",
      "dependencies": {
        "@fluentui/date-time-utilities": "^8.5.12",
        "@fluentui/font-icons-mdl2": "^8.5.21",
        "@fluentui/foundation-legacy": "^8.2.41",
        "@fluentui/merge-styles": "^8.5.12",
        "@fluentui/react-focus": "^8.8.27",
        "@fluentui/react-hooks": "^8.6.27",
        "@fluentui/react-portal-compat-context": "^9.0.6",
        "@fluentui/react-window-provider": "^2.2.15",
        "@fluentui/set-version": "^8.2.11",
        "@fluentui/style-utilities": "^8.9.14",
        "@fluentui/theme": "^2.6.32",
        "@fluentui/utilities": "^8.13.16",
        "@microsoft/load-themed-styles": "^1.10.26",
        "tslib": "^2.1.0"
      },
      "peerDependencies": {
        "@types/react": ">=16.8.0 <19.0.0",
        "@types/react-dom": ">=16.8.0 <19.0.0",
        "react": ">=16.8.0 <19.0.0",
        "react-dom": ">=16.8.0 <19.0.0"
      }
    },
    "node_modules/@fluentui/react-focus": {
      "version": "8.8.27",
      "resolved": "https://pkgs.dev.azure.com/office/_packaging/Office/npm/registry/@fluentui/react-focus/-/react-focus-8.8.27.tgz",
      "integrity": "sha1-lqnF5WBENuH6dAe2j+8karY77q0=",
      "license": "MIT",
      "dependencies": {
        "@fluentui/keyboard-key": "^0.4.11",
        "@fluentui/merge-styles": "^8.5.12",
        "@fluentui/set-version": "^8.2.11",
        "@fluentui/style-utilities": "^8.9.14",
        "@fluentui/utilities": "^8.13.16",
        "tslib": "^2.1.0"
      },
      "peerDependencies": {
        "@types/react": ">=16.8.0 <19.0.0",
        "react": ">=16.8.0 <19.0.0"
      }
    },
    "node_modules/@fluentui/react-hooks": {
      "version": "8.6.27",
      "resolved": "https://pkgs.dev.azure.com/office/_packaging/Office/npm/registry/@fluentui/react-hooks/-/react-hooks-8.6.27.tgz",
      "integrity": "sha1-hDdmInjGPdgQC9Po7IjyhdsM8Fg=",
      "license": "MIT",
      "dependencies": {
        "@fluentui/react-window-provider": "^2.2.15",
        "@fluentui/set-version": "^8.2.11",
        "@fluentui/utilities": "^8.13.16",
        "tslib": "^2.1.0"
      },
      "peerDependencies": {
        "@types/react": ">=16.8.0 <19.0.0",
        "react": ">=16.8.0 <19.0.0"
      }
    },
    "node_modules/@fluentui/react-portal-compat-context": {
      "version": "9.0.6",
      "resolved": "https://pkgs.dev.azure.com/office/_packaging/Office/npm/registry/@fluentui/react-portal-compat-context/-/react-portal-compat-context-9.0.6.tgz",
      "integrity": "sha1-KzW57WpzBc7HR5RdM0xJdtawzX4=",
      "license": "MIT",
      "dependencies": {
        "@swc/helpers": "^0.4.14"
      },
      "peerDependencies": {
        "@types/react": ">=16.8.0 <19.0.0",
        "react": ">=16.8.0 <19.0.0"
      }
    },
    "node_modules/@fluentui/react-portal-compat-context/node_modules/@swc/helpers": {
      "version": "0.4.14",
      "resolved": "https://pkgs.dev.azure.com/office/_packaging/Office/npm/registry/@swc/helpers/-/helpers-0.4.14.tgz",
      "integrity": "sha1-E1KsbZXjYXzLfBSY/wGWVPHhKnQ=",
      "license": "MIT",
      "dependencies": {
        "tslib": "^2.4.0"
      }
    },
    "node_modules/@fluentui/react-window-provider": {
      "version": "2.2.15",
      "resolved": "https://pkgs.dev.azure.com/office/_packaging/Office/npm/registry/@fluentui/react-window-provider/-/react-window-provider-2.2.15.tgz",
      "integrity": "sha1-LbGWoKsr7I80IFn0/rYNKctZPuw=",
      "license": "MIT",
      "dependencies": {
        "@fluentui/set-version": "^8.2.11",
        "tslib": "^2.1.0"
      },
      "peerDependencies": {
        "@types/react": ">=16.8.0 <19.0.0",
        "react": ">=16.8.0 <19.0.0"
      }
    },
    "node_modules/@fluentui/set-version": {
      "version": "8.2.11",
      "resolved": "https://pkgs.dev.azure.com/office/_packaging/Office/npm/registry/@fluentui/set-version/-/set-version-8.2.11.tgz",
      "integrity": "sha1-Y9sEXf5galQ1A5JfY5TcAcOqHt0=",
      "license": "MIT",
      "dependencies": {
        "tslib": "^2.1.0"
      }
    },
    "node_modules/@fluentui/style-utilities": {
      "version": "8.9.14",
      "resolved": "https://pkgs.dev.azure.com/office/_packaging/Office/npm/registry/@fluentui/style-utilities/-/style-utilities-8.9.14.tgz",
      "integrity": "sha1-OXV/F7KWl3VDIz/EKamBhZ+ir00=",
      "license": "MIT",
      "dependencies": {
        "@fluentui/merge-styles": "^8.5.12",
        "@fluentui/set-version": "^8.2.11",
        "@fluentui/theme": "^2.6.32",
        "@fluentui/utilities": "^8.13.16",
        "@microsoft/load-themed-styles": "^1.10.26",
        "tslib": "^2.1.0"
      }
    },
    "node_modules/@fluentui/theme": {
      "version": "2.6.32",
      "resolved": "https://pkgs.dev.azure.com/office/_packaging/Office/npm/registry/@fluentui/theme/-/theme-2.6.32.tgz",
      "integrity": "sha1-yk8o8GPUu2N5qRqb0O+YrFF8Fgg=",
      "license": "MIT",
      "dependencies": {
        "@fluentui/merge-styles": "^8.5.12",
        "@fluentui/set-version": "^8.2.11",
        "@fluentui/utilities": "^8.13.16",
        "tslib": "^2.1.0"
      },
      "peerDependencies": {
        "@types/react": ">=16.8.0 <19.0.0",
        "react": ">=16.8.0 <19.0.0"
      }
    },
    "node_modules/@fluentui/utilities": {
      "version": "8.13.16",
      "resolved": "https://pkgs.dev.azure.com/office/_packaging/Office/npm/registry/@fluentui/utilities/-/utilities-8.13.16.tgz",
      "integrity": "sha1-eFLq8e3QpMc1JVKC3HuVfszZeiI=",
      "license": "MIT",
      "dependencies": {
        "@fluentui/dom-utilities": "^2.2.11",
        "@fluentui/merge-styles": "^8.5.12",
        "@fluentui/set-version": "^8.2.11",
        "tslib": "^2.1.0"
      },
      "peerDependencies": {
        "@types/react": ">=16.8.0 <19.0.0",
        "react": ">=16.8.0 <19.0.0"
      }
    },
    "node_modules/@microsoft/load-themed-styles": {
      "version": "1.10.295",
      "resolved": "https://pkgs.dev.azure.com/office/_packaging/Office/npm/registry/@microsoft/load-themed-styles/-/load-themed-styles-1.10.295.tgz",
      "integrity": "sha1-08jXqxhvQicnuhEtbr5f6OQQUdk=",
      "license": "MIT"
    },
    "node_modules/@next/env": {
      "version": "12.3.1",
      "resolved": "https://registry.npmjs.org/@next/env/-/env-12.3.1.tgz",
      "integrity": "sha512-9P9THmRFVKGKt9DYqeC2aKIxm8rlvkK38V1P1sRE7qyoPBIs8l9oo79QoSdPtOWfzkbDAVUqvbQGgTMsb8BtJg=="
    },
    "node_modules/@next/swc-win32-x64-msvc": {
      "version": "12.3.1",
      "resolved": "https://registry.npmjs.org/@next/swc-win32-x64-msvc/-/swc-win32-x64-msvc-12.3.1.tgz",
      "integrity": "sha512-W1ijvzzg+kPEX6LAc+50EYYSEo0FVu7dmTE+t+DM4iOLqgGHoW9uYSz9wCVdkXOEEMP9xhXfGpcSxsfDucyPkA==",
      "cpu": [
        "x64"
      ],
      "optional": true,
      "os": [
        "win32"
      ],
      "engines": {
        "node": ">= 10"
      }
    },
    "node_modules/@swc/helpers": {
      "version": "0.4.11",
      "resolved": "https://registry.npmjs.org/@swc/helpers/-/helpers-0.4.11.tgz",
      "integrity": "sha512-rEUrBSGIoSFuYxwBYtlUFMlE2CwGhmW+w9355/5oduSw8e5h2+Tj4UrAGNNgP9915++wj5vkQo0UuOBqOAq4nw==",
      "dependencies": {
        "tslib": "^2.4.0"
      }
    },
    "node_modules/@types/node": {
      "version": "20.2.5",
      "resolved": "https://pkgs.dev.azure.com/office/_packaging/Office/npm/registry/@types/node/-/node-20.2.5.tgz",
      "integrity": "sha1-JtKV81cDI7KDfTIhgN+/G6FW/vs=",
      "dev": true,
      "license": "MIT"
    },
    "node_modules/@types/prop-types": {
      "version": "15.7.5",
      "resolved": "https://pkgs.dev.azure.com/office/_packaging/Office/npm/registry/@types/prop-types/-/prop-types-15.7.5.tgz",
      "integrity": "sha1-XxnSuFqY6VWANvajysyIGUIPBc8=",
      "license": "MIT"
    },
    "node_modules/@types/react": {
      "version": "18.2.8",
      "resolved": "https://pkgs.dev.azure.com/office/_packaging/Office/npm/registry/@types/react/-/react-18.2.8.tgz",
      "integrity": "sha1-p33P/k6a8UjKSqgADFGh6O2Z4sg=",
      "license": "MIT",
      "dependencies": {
        "@types/prop-types": "*",
        "@types/scheduler": "*",
        "csstype": "^3.0.2"
      }
    },
    "node_modules/@types/react-dom": {
      "version": "18.2.4",
      "resolved": "https://pkgs.dev.azure.com/office/_packaging/Office/npm/registry/@types/react-dom/-/react-dom-18.2.4.tgz",
      "integrity": "sha1-E/Jb+/TkBNJvYqxuQGWRRRrLqeA=",
      "license": "MIT",
      "peer": true,
      "dependencies": {
        "@types/react": "*"
      }
    },
    "node_modules/@types/scheduler": {
      "version": "0.16.3",
      "resolved": "https://pkgs.dev.azure.com/office/_packaging/Office/npm/registry/@types/scheduler/-/scheduler-0.16.3.tgz",
      "integrity": "sha1-zvCePsmvHWPSpsxbODpzfiTm3PU=",
      "license": "MIT"
    },
    "node_modules/caniuse-lite": {
      "version": "1.0.30001423",
      "resolved": "https://registry.npmjs.org/caniuse-lite/-/caniuse-lite-1.0.30001423.tgz",
      "integrity": "sha512-09iwWGOlifvE1XuHokFMP7eR38a0JnajoyL3/i87c8ZjRWRrdKo1fqjNfugfBD0UDBIOz0U+jtNhJ0EPm1VleQ==",
      "funding": [
        {
          "type": "opencollective",
          "url": "https://opencollective.com/browserslist"
        },
        {
          "type": "tidelift",
          "url": "https://tidelift.com/funding/github/npm/caniuse-lite"
        }
      ]
    },
    "node_modules/csstype": {
      "version": "3.1.2",
      "resolved": "https://pkgs.dev.azure.com/office/_packaging/Office/npm/registry/csstype/-/csstype-3.1.2.tgz",
      "integrity": "sha1-HUv51XLxHBQDHwQ24cELwfVx9Qs=",
      "license": "MIT"
    },
    "node_modules/js-tokens": {
      "version": "4.0.0",
      "resolved": "https://registry.npmjs.org/js-tokens/-/js-tokens-4.0.0.tgz",
      "integrity": "sha512-RdJUflcE3cUzKiMqQgsCu06FPu9UdIJO0beYbPhHN4k6apgJtifcoCtT9bcxOpYBtpD2kCM6Sbzg4CausW/PKQ=="
    },
    "node_modules/loose-envify": {
      "version": "1.4.0",
      "resolved": "https://registry.npmjs.org/loose-envify/-/loose-envify-1.4.0.tgz",
      "integrity": "sha512-lyuxPGr/Wfhrlem2CL/UcnUc1zcqKAImBDzukY7Y5F/yQiNdko6+fRLevlw1HgMySw7f611UIY408EtxRSoK3Q==",
      "dependencies": {
        "js-tokens": "^3.0.0 || ^4.0.0"
      },
      "bin": {
        "loose-envify": "cli.js"
      }
    },
    "node_modules/nanoid": {
      "version": "3.3.4",
      "resolved": "https://registry.npmjs.org/nanoid/-/nanoid-3.3.4.tgz",
      "integrity": "sha512-MqBkQh/OHTS2egovRtLk45wEyNXwF+cokD+1YPf9u5VfJiRdAiRwB2froX5Co9Rh20xs4siNPm8naNotSD6RBw==",
      "bin": {
        "nanoid": "bin/nanoid.cjs"
      },
      "engines": {
        "node": "^10 || ^12 || ^13.7 || ^14 || >=15.0.1"
      }
    },
    "node_modules/next": {
      "version": "12.3.1",
      "resolved": "https://registry.npmjs.org/next/-/next-12.3.1.tgz",
      "integrity": "sha512-l7bvmSeIwX5lp07WtIiP9u2ytZMv7jIeB8iacR28PuUEFG5j0HGAPnMqyG5kbZNBG2H7tRsrQ4HCjuMOPnANZw==",
      "dependencies": {
        "@next/env": "12.3.1",
        "@swc/helpers": "0.4.11",
        "caniuse-lite": "^1.0.30001406",
        "postcss": "8.4.14",
        "styled-jsx": "5.0.7",
        "use-sync-external-store": "1.2.0"
      },
      "bin": {
        "next": "dist/bin/next"
      },
      "engines": {
        "node": ">=12.22.0"
      },
      "optionalDependencies": {
        "@next/swc-android-arm-eabi": "12.3.1",
        "@next/swc-android-arm64": "12.3.1",
        "@next/swc-darwin-arm64": "12.3.1",
        "@next/swc-darwin-x64": "12.3.1",
        "@next/swc-freebsd-x64": "12.3.1",
        "@next/swc-linux-arm-gnueabihf": "12.3.1",
        "@next/swc-linux-arm64-gnu": "12.3.1",
        "@next/swc-linux-arm64-musl": "12.3.1",
        "@next/swc-linux-x64-gnu": "12.3.1",
        "@next/swc-linux-x64-musl": "12.3.1",
        "@next/swc-win32-arm64-msvc": "12.3.1",
        "@next/swc-win32-ia32-msvc": "12.3.1",
        "@next/swc-win32-x64-msvc": "12.3.1"
      },
      "peerDependencies": {
        "fibers": ">= 3.1.0",
        "node-sass": "^6.0.0 || ^7.0.0",
        "react": "^17.0.2 || ^18.0.0-0",
        "react-dom": "^17.0.2 || ^18.0.0-0",
        "sass": "^1.3.0"
      },
      "peerDependenciesMeta": {
        "fibers": {
          "optional": true
        },
        "node-sass": {
          "optional": true
        },
        "sass": {
          "optional": true
        }
      }
    },
    "node_modules/picocolors": {
      "version": "1.0.0",
      "resolved": "https://registry.npmjs.org/picocolors/-/picocolors-1.0.0.tgz",
      "integrity": "sha512-1fygroTLlHu66zi26VoTDv8yRgm0Fccecssto+MhsZ0D/DGW2sm8E8AjW7NU5VVTRt5GxbeZ5qBuJr+HyLYkjQ=="
    },
    "node_modules/postcss": {
      "version": "8.4.14",
      "resolved": "https://registry.npmjs.org/postcss/-/postcss-8.4.14.tgz",
      "integrity": "sha512-E398TUmfAYFPBSdzgeieK2Y1+1cpdxJx8yXbK/m57nRhKSmk1GB2tO4lbLBtlkfPQTDKfe4Xqv1ASWPpayPEig==",
      "funding": [
        {
          "type": "opencollective",
          "url": "https://opencollective.com/postcss/"
        },
        {
          "type": "tidelift",
          "url": "https://tidelift.com/funding/github/npm/postcss"
        }
      ],
      "dependencies": {
        "nanoid": "^3.3.4",
        "picocolors": "^1.0.0",
        "source-map-js": "^1.0.2"
      },
      "engines": {
        "node": "^10 || ^12 || >=14"
      }
    },
    "node_modules/react": {
      "version": "18.2.0",
      "resolved": "https://pkgs.dev.azure.com/office/_packaging/Office/npm/registry/react/-/react-18.2.0.tgz",
      "integrity": "sha1-VVvZhZKIMlX6AN4U8RUakXtdd9U=",
      "license": "MIT",
      "dependencies": {
        "loose-envify": "^1.1.0"
      },
      "engines": {
        "node": ">=0.10.0"
      }
    },
    "node_modules/react-dom": {
      "version": "18.2.0",
      "resolved": "https://pkgs.dev.azure.com/office/_packaging/Office/npm/registry/react-dom/-/react-dom-18.2.0.tgz",
      "integrity": "sha1-IqrzhwjbJnTtmtoiTKSqcI2CHj0=",
      "license": "MIT",
      "dependencies": {
        "loose-envify": "^1.1.0",
        "scheduler": "^0.23.0"
      },
      "peerDependencies": {
        "react": "^18.2.0"
      }
    },
    "node_modules/scheduler": {
      "version": "0.23.0",
      "resolved": "https://pkgs.dev.azure.com/office/_packaging/Office/npm/registry/scheduler/-/scheduler-0.23.0.tgz",
      "integrity": "sha1-uoBBr8PTDrIGpIe2s4QALk5h/f4=",
      "license": "MIT",
      "dependencies": {
        "loose-envify": "^1.1.0"
      }
    },
    "node_modules/source-map-js": {
      "version": "1.0.2",
      "resolved": "https://registry.npmjs.org/source-map-js/-/source-map-js-1.0.2.tgz",
      "integrity": "sha512-R0XvVJ9WusLiqTCEiGCmICCMplcCkIwwR11mOSD9CR5u+IXYdiseeEuXCVAjS54zqwkLcPNnmU4OeJ6tUrWhDw==",
      "engines": {
        "node": ">=0.10.0"
      }
    },
    "node_modules/styled-jsx": {
      "version": "5.0.7",
      "resolved": "https://registry.npmjs.org/styled-jsx/-/styled-jsx-5.0.7.tgz",
      "integrity": "sha512-b3sUzamS086YLRuvnaDigdAewz1/EFYlHpYBP5mZovKEdQQOIIYq8lApylub3HHZ6xFjV051kkGU7cudJmrXEA==",
      "engines": {
        "node": ">= 12.0.0"
      },
      "peerDependencies": {
        "react": ">= 16.8.0 || 17.x.x || ^18.0.0-0"
      },
      "peerDependenciesMeta": {
        "@babel/core": {
          "optional": true
        },
        "babel-plugin-macros": {
          "optional": true
        }
      }
    },
    "node_modules/tslib": {
      "version": "2.4.0",
      "resolved": "https://registry.npmjs.org/tslib/-/tslib-2.4.0.tgz",
      "integrity": "sha512-d6xOpEDfsi2CZVlPQzGeux8XMwLT9hssAsaPYExaQMuYskwb+x1x7J371tWlbBdWHroy99KnVB6qIkUbs5X3UQ=="
    },
    "node_modules/typescript": {
      "version": "5.2.0-dev.20230601",
      "resolved": "https://pkgs.dev.azure.com/office/_packaging/Office/npm/registry/typescript/-/typescript-5.2.0-dev.20230601.tgz",
      "integrity": "sha1-D2jQzz6jJoD131+s2wIcdF7nULU=",
      "dev": true,
      "license": "Apache-2.0",
      "bin": {
        "tsc": "bin/tsc",
        "tsserver": "bin/tsserver"
      },
      "engines": {
        "node": ">=14.17"
      }
    },
    "node_modules/use-sync-external-store": {
      "version": "1.2.0",
      "resolved": "https://registry.npmjs.org/use-sync-external-store/-/use-sync-external-store-1.2.0.tgz",
      "integrity": "sha512-eEgnFxGQ1Ife9bzYs6VLi8/4X6CObHMw9Qr9tPY43iKwsPw8xE8+EFsf/2cFZ5S3esXgpWgtSCtLNS41F+sKPA==",
      "peerDependencies": {
        "react": "^16.8.0 || ^17.0.0 || ^18.0.0"
      }
    }
  },
  "dependencies": {
    "@fluentui/date-time-utilities": {
      "version": "8.5.12",
      "resolved": "https://pkgs.dev.azure.com/office/_packaging/Office/npm/registry/@fluentui/date-time-utilities/-/date-time-utilities-8.5.12.tgz",
      "integrity": "sha1-/FlnbICG1/sGDvZiyixq4riE8cQ=",
      "requires": {
        "@fluentui/set-version": "^8.2.11",
        "tslib": "^2.1.0"
      }
    },
    "@fluentui/dom-utilities": {
      "version": "2.2.11",
      "resolved": "https://pkgs.dev.azure.com/office/_packaging/Office/npm/registry/@fluentui/dom-utilities/-/dom-utilities-2.2.11.tgz",
      "integrity": "sha1-toM55Aq9/pckELDG5wGjyW/x7RA=",
      "requires": {
        "@fluentui/set-version": "^8.2.11",
        "tslib": "^2.1.0"
      }
    },
    "@fluentui/font-icons-mdl2": {
      "version": "8.5.21",
      "resolved": "https://pkgs.dev.azure.com/office/_packaging/Office/npm/registry/@fluentui/font-icons-mdl2/-/font-icons-mdl2-8.5.21.tgz",
      "integrity": "sha1-iuDa1rj9gNh3hogM5KemDHURBTo=",
      "requires": {
        "@fluentui/set-version": "^8.2.11",
        "@fluentui/style-utilities": "^8.9.14",
        "@fluentui/utilities": "^8.13.16",
        "tslib": "^2.1.0"
      }
    },
    "@fluentui/foundation-legacy": {
      "version": "8.2.41",
      "resolved": "https://pkgs.dev.azure.com/office/_packaging/Office/npm/registry/@fluentui/foundation-legacy/-/foundation-legacy-8.2.41.tgz",
      "integrity": "sha1-BvOrBUELqqR6YGZuQiENa9uc/VA=",
      "requires": {
        "@fluentui/merge-styles": "^8.5.12",
        "@fluentui/set-version": "^8.2.11",
        "@fluentui/style-utilities": "^8.9.14",
        "@fluentui/utilities": "^8.13.16",
        "tslib": "^2.1.0"
      }
    },
    "@fluentui/keyboard-key": {
      "version": "0.4.11",
      "resolved": "https://pkgs.dev.azure.com/office/_packaging/Office/npm/registry/@fluentui/keyboard-key/-/keyboard-key-0.4.11.tgz",
      "integrity": "sha1-OzAQhB6iSsI/xKBkF+7vSDwaT3U=",
      "requires": {
        "tslib": "^2.1.0"
      }
    },
    "@fluentui/merge-styles": {
      "version": "8.5.12",
      "resolved": "https://pkgs.dev.azure.com/office/_packaging/Office/npm/registry/@fluentui/merge-styles/-/merge-styles-8.5.12.tgz",
      "integrity": "sha1-o4D9XC6/gXea41ZWRBs8MtyEkao=",
      "requires": {
        "@fluentui/set-version": "^8.2.11",
        "tslib": "^2.1.0"
      }
    },
    "@fluentui/react": {
      "version": "8.109.10",
      "resolved": "https://pkgs.dev.azure.com/office/_packaging/Office/npm/registry/@fluentui/react/-/react-8.109.10.tgz",
      "integrity": "sha1-8ErkRLW+0pWYAs+U8rYvmq6k9ow=",
      "requires": {
        "@fluentui/date-time-utilities": "^8.5.12",
        "@fluentui/font-icons-mdl2": "^8.5.21",
        "@fluentui/foundation-legacy": "^8.2.41",
        "@fluentui/merge-styles": "^8.5.12",
        "@fluentui/react-focus": "^8.8.27",
        "@fluentui/react-hooks": "^8.6.27",
        "@fluentui/react-portal-compat-context": "^9.0.6",
        "@fluentui/react-window-provider": "^2.2.15",
        "@fluentui/set-version": "^8.2.11",
        "@fluentui/style-utilities": "^8.9.14",
        "@fluentui/theme": "^2.6.32",
        "@fluentui/utilities": "^8.13.16",
        "@microsoft/load-themed-styles": "^1.10.26",
        "tslib": "^2.1.0"
      }
    },
    "@fluentui/react-focus": {
      "version": "8.8.27",
      "resolved": "https://pkgs.dev.azure.com/office/_packaging/Office/npm/registry/@fluentui/react-focus/-/react-focus-8.8.27.tgz",
      "integrity": "sha1-lqnF5WBENuH6dAe2j+8karY77q0=",
      "requires": {
        "@fluentui/keyboard-key": "^0.4.11",
        "@fluentui/merge-styles": "^8.5.12",
        "@fluentui/set-version": "^8.2.11",
        "@fluentui/style-utilities": "^8.9.14",
        "@fluentui/utilities": "^8.13.16",
        "tslib": "^2.1.0"
      }
    },
    "@fluentui/react-hooks": {
      "version": "8.6.27",
      "resolved": "https://pkgs.dev.azure.com/office/_packaging/Office/npm/registry/@fluentui/react-hooks/-/react-hooks-8.6.27.tgz",
      "integrity": "sha1-hDdmInjGPdgQC9Po7IjyhdsM8Fg=",
      "requires": {
        "@fluentui/react-window-provider": "^2.2.15",
        "@fluentui/set-version": "^8.2.11",
        "@fluentui/utilities": "^8.13.16",
        "tslib": "^2.1.0"
      }
    },
    "@fluentui/react-portal-compat-context": {
      "version": "9.0.6",
      "resolved": "https://pkgs.dev.azure.com/office/_packaging/Office/npm/registry/@fluentui/react-portal-compat-context/-/react-portal-compat-context-9.0.6.tgz",
      "integrity": "sha1-KzW57WpzBc7HR5RdM0xJdtawzX4=",
      "requires": {
        "@swc/helpers": "^0.4.14"
      },
      "dependencies": {
        "@swc/helpers": {
          "version": "0.4.14",
          "resolved": "https://pkgs.dev.azure.com/office/_packaging/Office/npm/registry/@swc/helpers/-/helpers-0.4.14.tgz",
          "integrity": "sha1-E1KsbZXjYXzLfBSY/wGWVPHhKnQ=",
          "requires": {
            "tslib": "^2.4.0"
          }
        }
      }
    },
    "@fluentui/react-window-provider": {
      "version": "2.2.15",
      "resolved": "https://pkgs.dev.azure.com/office/_packaging/Office/npm/registry/@fluentui/react-window-provider/-/react-window-provider-2.2.15.tgz",
      "integrity": "sha1-LbGWoKsr7I80IFn0/rYNKctZPuw=",
      "requires": {
        "@fluentui/set-version": "^8.2.11",
        "tslib": "^2.1.0"
      }
    },
    "@fluentui/set-version": {
      "version": "8.2.11",
      "resolved": "https://pkgs.dev.azure.com/office/_packaging/Office/npm/registry/@fluentui/set-version/-/set-version-8.2.11.tgz",
      "integrity": "sha1-Y9sEXf5galQ1A5JfY5TcAcOqHt0=",
      "requires": {
        "tslib": "^2.1.0"
      }
    },
    "@fluentui/style-utilities": {
      "version": "8.9.14",
      "resolved": "https://pkgs.dev.azure.com/office/_packaging/Office/npm/registry/@fluentui/style-utilities/-/style-utilities-8.9.14.tgz",
      "integrity": "sha1-OXV/F7KWl3VDIz/EKamBhZ+ir00=",
      "requires": {
        "@fluentui/merge-styles": "^8.5.12",
        "@fluentui/set-version": "^8.2.11",
        "@fluentui/theme": "^2.6.32",
        "@fluentui/utilities": "^8.13.16",
        "@microsoft/load-themed-styles": "^1.10.26",
        "tslib": "^2.1.0"
      }
    },
    "@fluentui/theme": {
      "version": "2.6.32",
      "resolved": "https://pkgs.dev.azure.com/office/_packaging/Office/npm/registry/@fluentui/theme/-/theme-2.6.32.tgz",
      "integrity": "sha1-yk8o8GPUu2N5qRqb0O+YrFF8Fgg=",
      "requires": {
        "@fluentui/merge-styles": "^8.5.12",
        "@fluentui/set-version": "^8.2.11",
        "@fluentui/utilities": "^8.13.16",
        "tslib": "^2.1.0"
      }
    },
    "@fluentui/utilities": {
      "version": "8.13.16",
      "resolved": "https://pkgs.dev.azure.com/office/_packaging/Office/npm/registry/@fluentui/utilities/-/utilities-8.13.16.tgz",
      "integrity": "sha1-eFLq8e3QpMc1JVKC3HuVfszZeiI=",
      "requires": {
        "@fluentui/dom-utilities": "^2.2.11",
        "@fluentui/merge-styles": "^8.5.12",
        "@fluentui/set-version": "^8.2.11",
        "tslib": "^2.1.0"
      }
    },
    "@microsoft/load-themed-styles": {
      "version": "1.10.295",
      "resolved": "https://pkgs.dev.azure.com/office/_packaging/Office/npm/registry/@microsoft/load-themed-styles/-/load-themed-styles-1.10.295.tgz",
      "integrity": "sha1-08jXqxhvQicnuhEtbr5f6OQQUdk="
    },
    "@next/env": {
      "version": "12.3.1",
      "resolved": "https://registry.npmjs.org/@next/env/-/env-12.3.1.tgz",
      "integrity": "sha512-9P9THmRFVKGKt9DYqeC2aKIxm8rlvkK38V1P1sRE7qyoPBIs8l9oo79QoSdPtOWfzkbDAVUqvbQGgTMsb8BtJg=="
    },
    "@next/swc-win32-x64-msvc": {
      "version": "12.3.1",
      "resolved": "https://registry.npmjs.org/@next/swc-win32-x64-msvc/-/swc-win32-x64-msvc-12.3.1.tgz",
      "integrity": "sha512-W1ijvzzg+kPEX6LAc+50EYYSEo0FVu7dmTE+t+DM4iOLqgGHoW9uYSz9wCVdkXOEEMP9xhXfGpcSxsfDucyPkA==",
      "optional": true
    },
    "@swc/helpers": {
      "version": "0.4.11",
      "resolved": "https://registry.npmjs.org/@swc/helpers/-/helpers-0.4.11.tgz",
      "integrity": "sha512-rEUrBSGIoSFuYxwBYtlUFMlE2CwGhmW+w9355/5oduSw8e5h2+Tj4UrAGNNgP9915++wj5vkQo0UuOBqOAq4nw==",
      "requires": {
        "tslib": "^2.4.0"
      }
    },
    "@types/node": {
      "version": "20.2.5",
      "resolved": "https://pkgs.dev.azure.com/office/_packaging/Office/npm/registry/@types/node/-/node-20.2.5.tgz",
      "integrity": "sha1-JtKV81cDI7KDfTIhgN+/G6FW/vs=",
      "dev": true
    },
    "@types/prop-types": {
      "version": "15.7.5",
      "resolved": "https://pkgs.dev.azure.com/office/_packaging/Office/npm/registry/@types/prop-types/-/prop-types-15.7.5.tgz",
      "integrity": "sha1-XxnSuFqY6VWANvajysyIGUIPBc8="
    },
    "@types/react": {
      "version": "18.2.8",
      "resolved": "https://pkgs.dev.azure.com/office/_packaging/Office/npm/registry/@types/react/-/react-18.2.8.tgz",
      "integrity": "sha1-p33P/k6a8UjKSqgADFGh6O2Z4sg=",
      "requires": {
        "@types/prop-types": "*",
        "@types/scheduler": "*",
        "csstype": "^3.0.2"
      }
    },
    "@types/react-dom": {
      "version": "18.2.4",
      "resolved": "https://pkgs.dev.azure.com/office/_packaging/Office/npm/registry/@types/react-dom/-/react-dom-18.2.4.tgz",
      "integrity": "sha1-E/Jb+/TkBNJvYqxuQGWRRRrLqeA=",
      "peer": true,
      "requires": {
        "@types/react": "*"
      }
    },
    "@types/scheduler": {
      "version": "0.16.3",
      "resolved": "https://pkgs.dev.azure.com/office/_packaging/Office/npm/registry/@types/scheduler/-/scheduler-0.16.3.tgz",
      "integrity": "sha1-zvCePsmvHWPSpsxbODpzfiTm3PU="
    },
    "caniuse-lite": {
      "version": "1.0.30001423",
      "resolved": "https://registry.npmjs.org/caniuse-lite/-/caniuse-lite-1.0.30001423.tgz",
      "integrity": "sha512-09iwWGOlifvE1XuHokFMP7eR38a0JnajoyL3/i87c8ZjRWRrdKo1fqjNfugfBD0UDBIOz0U+jtNhJ0EPm1VleQ=="
    },
    "csstype": {
      "version": "3.1.2",
      "resolved": "https://pkgs.dev.azure.com/office/_packaging/Office/npm/registry/csstype/-/csstype-3.1.2.tgz",
      "integrity": "sha1-HUv51XLxHBQDHwQ24cELwfVx9Qs="
    },
    "js-tokens": {
      "version": "4.0.0",
      "resolved": "https://registry.npmjs.org/js-tokens/-/js-tokens-4.0.0.tgz",
      "integrity": "sha512-RdJUflcE3cUzKiMqQgsCu06FPu9UdIJO0beYbPhHN4k6apgJtifcoCtT9bcxOpYBtpD2kCM6Sbzg4CausW/PKQ=="
    },
    "loose-envify": {
      "version": "1.4.0",
      "resolved": "https://registry.npmjs.org/loose-envify/-/loose-envify-1.4.0.tgz",
      "integrity": "sha512-lyuxPGr/Wfhrlem2CL/UcnUc1zcqKAImBDzukY7Y5F/yQiNdko6+fRLevlw1HgMySw7f611UIY408EtxRSoK3Q==",
      "requires": {
        "js-tokens": "^3.0.0 || ^4.0.0"
      }
    },
    "nanoid": {
      "version": "3.3.4",
      "resolved": "https://registry.npmjs.org/nanoid/-/nanoid-3.3.4.tgz",
      "integrity": "sha512-MqBkQh/OHTS2egovRtLk45wEyNXwF+cokD+1YPf9u5VfJiRdAiRwB2froX5Co9Rh20xs4siNPm8naNotSD6RBw=="
    },
    "next": {
      "version": "12.3.1",
      "resolved": "https://registry.npmjs.org/next/-/next-12.3.1.tgz",
      "integrity": "sha512-l7bvmSeIwX5lp07WtIiP9u2ytZMv7jIeB8iacR28PuUEFG5j0HGAPnMqyG5kbZNBG2H7tRsrQ4HCjuMOPnANZw==",
      "requires": {
        "@next/env": "12.3.1",
        "@next/swc-android-arm-eabi": "12.3.1",
        "@next/swc-android-arm64": "12.3.1",
        "@next/swc-darwin-arm64": "12.3.1",
        "@next/swc-darwin-x64": "12.3.1",
        "@next/swc-freebsd-x64": "12.3.1",
        "@next/swc-linux-arm-gnueabihf": "12.3.1",
        "@next/swc-linux-arm64-gnu": "12.3.1",
        "@next/swc-linux-arm64-musl": "12.3.1",
        "@next/swc-linux-x64-gnu": "12.3.1",
        "@next/swc-linux-x64-musl": "12.3.1",
        "@next/swc-win32-arm64-msvc": "12.3.1",
        "@next/swc-win32-ia32-msvc": "12.3.1",
        "@next/swc-win32-x64-msvc": "12.3.1",
        "@swc/helpers": "0.4.11",
        "caniuse-lite": "^1.0.30001406",
        "postcss": "8.4.14",
        "styled-jsx": "5.0.7",
        "use-sync-external-store": "1.2.0"
      }
    },
    "picocolors": {
      "version": "1.0.0",
      "resolved": "https://registry.npmjs.org/picocolors/-/picocolors-1.0.0.tgz",
      "integrity": "sha512-1fygroTLlHu66zi26VoTDv8yRgm0Fccecssto+MhsZ0D/DGW2sm8E8AjW7NU5VVTRt5GxbeZ5qBuJr+HyLYkjQ=="
    },
    "postcss": {
      "version": "8.4.14",
      "resolved": "https://registry.npmjs.org/postcss/-/postcss-8.4.14.tgz",
      "integrity": "sha512-E398TUmfAYFPBSdzgeieK2Y1+1cpdxJx8yXbK/m57nRhKSmk1GB2tO4lbLBtlkfPQTDKfe4Xqv1ASWPpayPEig==",
      "requires": {
        "nanoid": "^3.3.4",
        "picocolors": "^1.0.0",
        "source-map-js": "^1.0.2"
      }
    },
    "react": {
      "version": "18.2.0",
      "resolved": "https://pkgs.dev.azure.com/office/_packaging/Office/npm/registry/react/-/react-18.2.0.tgz",
      "integrity": "sha1-VVvZhZKIMlX6AN4U8RUakXtdd9U=",
      "requires": {
        "loose-envify": "^1.1.0"
      }
    },
    "react-dom": {
      "version": "18.2.0",
      "resolved": "https://pkgs.dev.azure.com/office/_packaging/Office/npm/registry/react-dom/-/react-dom-18.2.0.tgz",
      "integrity": "sha1-IqrzhwjbJnTtmtoiTKSqcI2CHj0=",
      "requires": {
        "loose-envify": "^1.1.0",
        "scheduler": "^0.23.0"
      }
    },
    "scheduler": {
      "version": "0.23.0",
      "resolved": "https://pkgs.dev.azure.com/office/_packaging/Office/npm/registry/scheduler/-/scheduler-0.23.0.tgz",
      "integrity": "sha1-uoBBr8PTDrIGpIe2s4QALk5h/f4=",
      "requires": {
        "loose-envify": "^1.1.0"
      }
    },
    "source-map-js": {
      "version": "1.0.2",
      "resolved": "https://registry.npmjs.org/source-map-js/-/source-map-js-1.0.2.tgz",
      "integrity": "sha512-R0XvVJ9WusLiqTCEiGCmICCMplcCkIwwR11mOSD9CR5u+IXYdiseeEuXCVAjS54zqwkLcPNnmU4OeJ6tUrWhDw=="
    },
    "styled-jsx": {
      "version": "5.0.7",
      "resolved": "https://registry.npmjs.org/styled-jsx/-/styled-jsx-5.0.7.tgz",
      "integrity": "sha512-b3sUzamS086YLRuvnaDigdAewz1/EFYlHpYBP5mZovKEdQQOIIYq8lApylub3HHZ6xFjV051kkGU7cudJmrXEA==",
      "requires": {}
    },
    "tslib": {
      "version": "2.4.0",
      "resolved": "https://registry.npmjs.org/tslib/-/tslib-2.4.0.tgz",
      "integrity": "sha512-d6xOpEDfsi2CZVlPQzGeux8XMwLT9hssAsaPYExaQMuYskwb+x1x7J371tWlbBdWHroy99KnVB6qIkUbs5X3UQ=="
    },
    "typescript": {
      "version": "5.2.0-dev.20230601",
      "resolved": "https://pkgs.dev.azure.com/office/_packaging/Office/npm/registry/typescript/-/typescript-5.2.0-dev.20230601.tgz",
      "integrity": "sha1-D2jQzz6jJoD131+s2wIcdF7nULU=",
      "dev": true
    },
    "use-sync-external-store": {
      "version": "1.2.0",
      "resolved": "https://registry.npmjs.org/use-sync-external-store/-/use-sync-external-store-1.2.0.tgz",
      "integrity": "sha512-eEgnFxGQ1Ife9bzYs6VLi8/4X6CObHMw9Qr9tPY43iKwsPw8xE8+EFsf/2cFZ5S3esXgpWgtSCtLNS41F+sKPA==",
      "requires": {}
    }
  }
}
